// !$*UTF8*$!
{
	archiveVersion = 1;
	classes = {
	};
	objectVersion = 50;
	objects = {

/* Begin PBXBuildFile section */
		520484A024635DB700E2E35F /* StateView.swift in Sources */ = {isa = PBXBuildFile; fileRef = 5204849F24635DB700E2E35F /* StateView.swift */; };
		520484A42463836000E2E35F /* Device.swift in Sources */ = {isa = PBXBuildFile; fileRef = 520484A32463836000E2E35F /* Device.swift */; };
		527952BD2416D3ED00A82F63 /* AppDelegate.swift in Sources */ = {isa = PBXBuildFile; fileRef = 527952BC2416D3ED00A82F63 /* AppDelegate.swift */; };
		527952BF2416D3ED00A82F63 /* SceneDelegate.swift in Sources */ = {isa = PBXBuildFile; fileRef = 527952BE2416D3ED00A82F63 /* SceneDelegate.swift */; };
		527952C12416D3ED00A82F63 /* MainView.swift in Sources */ = {isa = PBXBuildFile; fileRef = 527952C02416D3ED00A82F63 /* MainView.swift */; };
		527952C32416D3F700A82F63 /* Assets.xcassets in Resources */ = {isa = PBXBuildFile; fileRef = 527952C22416D3F700A82F63 /* Assets.xcassets */; };
		527952C62416D3F700A82F63 /* Preview Assets.xcassets in Resources */ = {isa = PBXBuildFile; fileRef = 527952C52416D3F700A82F63 /* Preview Assets.xcassets */; };
		527952C92416D3F700A82F63 /* LaunchScreen.storyboard in Resources */ = {isa = PBXBuildFile; fileRef = 527952C72416D3F700A82F63 /* LaunchScreen.storyboard */; };
		527952D32416FE2D00A82F63 /* BLEConnectionManager.swift in Sources */ = {isa = PBXBuildFile; fileRef = 527952D22416FE2D00A82F63 /* BLEConnectionManager.swift */; };
		527952DB24170D5800A82F63 /* MapView.swift in Sources */ = {isa = PBXBuildFile; fileRef = 527952DA24170D5800A82F63 /* MapView.swift */; };
		527952DD241712F100A82F63 /* ToggleAlarmButton.swift in Sources */ = {isa = PBXBuildFile; fileRef = 527952DC241712F100A82F63 /* ToggleAlarmButton.swift */; };
		529E45EE2466563B00430C08 /* QRScanViewController.swift in Sources */ = {isa = PBXBuildFile; fileRef = 529E45ED2466563B00430C08 /* QRScanViewController.swift */; };
		52AE73D52460C563005DE8AD /* ModalView.swift in Sources */ = {isa = PBXBuildFile; fileRef = 52AE73D42460C563005DE8AD /* ModalView.swift */; };
		52D1D762245FB4B1003E2E00 /* Utils.swift in Sources */ = {isa = PBXBuildFile; fileRef = 52D1D761245FB4B1003E2E00 /* Utils.swift */; };
		52D1D764245FB994003E2E00 /* SettingsView.swift in Sources */ = {isa = PBXBuildFile; fileRef = 52D1D763245FB994003E2E00 /* SettingsView.swift */; };
		52D1D766245FC31E003E2E00 /* SettingsRow.swift in Sources */ = {isa = PBXBuildFile; fileRef = 52D1D765245FC31E003E2E00 /* SettingsRow.swift */; };
/* End PBXBuildFile section */

/* Begin PBXFileReference section */
		5204849F24635DB700E2E35F /* StateView.swift */ = {isa = PBXFileReference; lastKnownFileType = sourcecode.swift; path = StateView.swift; sourceTree = "<group>"; };
		520484A32463836000E2E35F /* Device.swift */ = {isa = PBXFileReference; lastKnownFileType = sourcecode.swift; path = Device.swift; sourceTree = "<group>"; };
		527952B92416D3ED00A82F63 /* IoBike.app */ = {isa = PBXFileReference; explicitFileType = wrapper.application; includeInIndex = 0; path = IoBike.app; sourceTree = BUILT_PRODUCTS_DIR; };
		527952BC2416D3ED00A82F63 /* AppDelegate.swift */ = {isa = PBXFileReference; lastKnownFileType = sourcecode.swift; path = AppDelegate.swift; sourceTree = "<group>"; };
		527952BE2416D3ED00A82F63 /* SceneDelegate.swift */ = {isa = PBXFileReference; lastKnownFileType = sourcecode.swift; path = SceneDelegate.swift; sourceTree = "<group>"; };
		527952C02416D3ED00A82F63 /* MainView.swift */ = {isa = PBXFileReference; lastKnownFileType = sourcecode.swift; path = MainView.swift; sourceTree = "<group>"; };
		527952C22416D3F700A82F63 /* Assets.xcassets */ = {isa = PBXFileReference; lastKnownFileType = folder.assetcatalog; path = Assets.xcassets; sourceTree = "<group>"; };
		527952C52416D3F700A82F63 /* Preview Assets.xcassets */ = {isa = PBXFileReference; lastKnownFileType = folder.assetcatalog; path = "Preview Assets.xcassets"; sourceTree = "<group>"; };
		527952C82416D3F700A82F63 /* Base */ = {isa = PBXFileReference; lastKnownFileType = file.storyboard; name = Base; path = Base.lproj/LaunchScreen.storyboard; sourceTree = "<group>"; };
		527952CA2416D3F700A82F63 /* Info.plist */ = {isa = PBXFileReference; lastKnownFileType = text.plist.xml; path = Info.plist; sourceTree = "<group>"; };
		527952D22416FE2D00A82F63 /* BLEConnectionManager.swift */ = {isa = PBXFileReference; lastKnownFileType = sourcecode.swift; path = BLEConnectionManager.swift; sourceTree = "<group>"; };
		527952DA24170D5800A82F63 /* MapView.swift */ = {isa = PBXFileReference; lastKnownFileType = sourcecode.swift; path = MapView.swift; sourceTree = "<group>"; };
		527952DC241712F100A82F63 /* ToggleAlarmButton.swift */ = {isa = PBXFileReference; lastKnownFileType = sourcecode.swift; path = ToggleAlarmButton.swift; sourceTree = "<group>"; };
		529E45ED2466563B00430C08 /* QRScanViewController.swift */ = {isa = PBXFileReference; lastKnownFileType = sourcecode.swift; path = QRScanViewController.swift; sourceTree = "<group>"; };
		52AE73D42460C563005DE8AD /* ModalView.swift */ = {isa = PBXFileReference; lastKnownFileType = sourcecode.swift; path = ModalView.swift; sourceTree = "<group>"; };
		52D1D761245FB4B1003E2E00 /* Utils.swift */ = {isa = PBXFileReference; lastKnownFileType = sourcecode.swift; path = Utils.swift; sourceTree = "<group>"; };
		52D1D763245FB994003E2E00 /* SettingsView.swift */ = {isa = PBXFileReference; lastKnownFileType = sourcecode.swift; path = SettingsView.swift; sourceTree = "<group>"; };
		52D1D765245FC31E003E2E00 /* SettingsRow.swift */ = {isa = PBXFileReference; lastKnownFileType = sourcecode.swift; path = SettingsRow.swift; sourceTree = "<group>"; };
/* End PBXFileReference section */

/* Begin PBXFrameworksBuildPhase section */
		527952B62416D3ED00A82F63 /* Frameworks */ = {
			isa = PBXFrameworksBuildPhase;
			buildActionMask = 2147483647;
			files = (
			);
			runOnlyForDeploymentPostprocessing = 0;
		};
/* End PBXFrameworksBuildPhase section */

/* Begin PBXGroup section */
		527952B02416D3ED00A82F63 = {
			isa = PBXGroup;
			children = (
				527952BB2416D3ED00A82F63 /* IoBike */,
				527952BA2416D3ED00A82F63 /* Products */,
			);
			sourceTree = "<group>";
		};
		527952BA2416D3ED00A82F63 /* Products */ = {
			isa = PBXGroup;
			children = (
				527952B92416D3ED00A82F63 /* IoBike.app */,
			);
			name = Products;
			sourceTree = "<group>";
		};
		527952BB2416D3ED00A82F63 /* IoBike */ = {
			isa = PBXGroup;
			children = (
				529E45ED2466563B00430C08 /* QRScanViewController.swift */,
				527952C02416D3ED00A82F63 /* MainView.swift */,
				52D1D761245FB4B1003E2E00 /* Utils.swift */,
				527952CA2416D3F700A82F63 /* Info.plist */,
				527952BC2416D3ED00A82F63 /* AppDelegate.swift */,
				527952E0241738E600A82F63 /* Model */,
				527952BE2416D3ED00A82F63 /* SceneDelegate.swift */,
				527952C22416D3F700A82F63 /* Assets.xcassets */,
				527952C72416D3F700A82F63 /* LaunchScreen.storyboard */,
				527952C42416D3F700A82F63 /* Preview Content */,
				527952D7241705E700A82F63 /* SupportingViews */,
			);
			path = IoBike;
			sourceTree = "<group>";
		};
		527952C42416D3F700A82F63 /* Preview Content */ = {
			isa = PBXGroup;
			children = (
				527952C52416D3F700A82F63 /* Preview Assets.xcassets */,
			);
			path = "Preview Content";
			sourceTree = "<group>";
		};
		527952D7241705E700A82F63 /* SupportingViews */ = {
			isa = PBXGroup;
			children = (
				52AE73D42460C563005DE8AD /* ModalView.swift */,
				5204849F24635DB700E2E35F /* StateView.swift */,
				52D1D763245FB994003E2E00 /* SettingsView.swift */,
				527952DA24170D5800A82F63 /* MapView.swift */,
				527952DC241712F100A82F63 /* ToggleAlarmButton.swift */,
				52D1D765245FC31E003E2E00 /* SettingsRow.swift */,
			);
			path = SupportingViews;
			sourceTree = "<group>";
		};
		527952E0241738E600A82F63 /* Model */ = {
			isa = PBXGroup;
			children = (
				527952D22416FE2D00A82F63 /* BLEConnectionManager.swift */,
				520484A32463836000E2E35F /* Device.swift */,
			);
			path = Model;
			sourceTree = "<group>";
		};
/* End PBXGroup section */

/* Begin PBXNativeTarget section */
		527952B82416D3ED00A82F63 /* IoBike */ = {
			isa = PBXNativeTarget;
			buildConfigurationList = 527952CD2416D3F700A82F63 /* Build configuration list for PBXNativeTarget "IoBike" */;
			buildPhases = (
				527952B52416D3ED00A82F63 /* Sources */,
				527952B62416D3ED00A82F63 /* Frameworks */,
				527952B72416D3ED00A82F63 /* Resources */,
			);
			buildRules = (
			);
			dependencies = (
			);
			name = IoBike;
			productName = IoBike;
			productReference = 527952B92416D3ED00A82F63 /* IoBike.app */;
			productType = "com.apple.product-type.application";
		};
/* End PBXNativeTarget section */

/* Begin PBXProject section */
		527952B12416D3ED00A82F63 /* Project object */ = {
			isa = PBXProject;
			attributes = {
				LastSwiftUpdateCheck = 1130;
				LastUpgradeCheck = 1130;
				ORGANIZATIONNAME = "James Lemkin";
				TargetAttributes = {
					527952B82416D3ED00A82F63 = {
						CreatedOnToolsVersion = 11.3.1;
					};
				};
			};
			buildConfigurationList = 527952B42416D3ED00A82F63 /* Build configuration list for PBXProject "IoBike" */;
			compatibilityVersion = "Xcode 9.3";
			developmentRegion = en;
			hasScannedForEncodings = 0;
			knownRegions = (
				en,
				Base,
			);
			mainGroup = 527952B02416D3ED00A82F63;
			productRefGroup = 527952BA2416D3ED00A82F63 /* Products */;
			projectDirPath = "";
			projectRoot = "";
			targets = (
				527952B82416D3ED00A82F63 /* IoBike */,
			);
		};
/* End PBXProject section */

/* Begin PBXResourcesBuildPhase section */
		527952B72416D3ED00A82F63 /* Resources */ = {
			isa = PBXResourcesBuildPhase;
			buildActionMask = 2147483647;
			files = (
				527952C92416D3F700A82F63 /* LaunchScreen.storyboard in Resources */,
				527952C62416D3F700A82F63 /* Preview Assets.xcassets in Resources */,
				527952C32416D3F700A82F63 /* Assets.xcassets in Resources */,
			);
			runOnlyForDeploymentPostprocessing = 0;
		};
/* End PBXResourcesBuildPhase section */

/* Begin PBXSourcesBuildPhase section */
		527952B52416D3ED00A82F63 /* Sources */ = {
			isa = PBXSourcesBuildPhase;
			buildActionMask = 2147483647;
			files = (
				527952BD2416D3ED00A82F63 /* AppDelegate.swift in Sources */,
				52D1D764245FB994003E2E00 /* SettingsView.swift in Sources */,
				52AE73D52460C563005DE8AD /* ModalView.swift in Sources */,
				520484A42463836000E2E35F /* Device.swift in Sources */,
				527952DB24170D5800A82F63 /* MapView.swift in Sources */,
				527952BF2416D3ED00A82F63 /* SceneDelegate.swift in Sources */,
				529E45EE2466563B00430C08 /* QRScanViewController.swift in Sources */,
				520484A024635DB700E2E35F /* StateView.swift in Sources */,
				52D1D762245FB4B1003E2E00 /* Utils.swift in Sources */,
				527952D32416FE2D00A82F63 /* BLEConnectionManager.swift in Sources */,
				527952DD241712F100A82F63 /* ToggleAlarmButton.swift in Sources */,
				527952C12416D3ED00A82F63 /* MainView.swift in Sources */,
				52D1D766245FC31E003E2E00 /* SettingsRow.swift in Sources */,
			);
			runOnlyForDeploymentPostprocessing = 0;
		};
/* End PBXSourcesBuildPhase section */

/* Begin PBXVariantGroup section */
		527952C72416D3F700A82F63 /* LaunchScreen.storyboard */ = {
			isa = PBXVariantGroup;
			children = (
				527952C82416D3F700A82F63 /* Base */,
			);
			name = LaunchScreen.storyboard;
			sourceTree = "<group>";
		};
/* End PBXVariantGroup section */

/* Begin XCBuildConfiguration section */
		527952CB2416D3F700A82F63 /* Debug */ = {
			isa = XCBuildConfiguration;
			buildSettings = {
				ALWAYS_SEARCH_USER_PATHS = NO;
				CLANG_ANALYZER_NONNULL = YES;
				CLANG_ANALYZER_NUMBER_OBJECT_CONVERSION = YES_AGGRESSIVE;
				CLANG_CXX_LANGUAGE_STANDARD = "gnu++14";
				CLANG_CXX_LIBRARY = "libc++";
				CLANG_ENABLE_MODULES = YES;
				CLANG_ENABLE_OBJC_ARC = YES;
				CLANG_ENABLE_OBJC_WEAK = YES;
				CLANG_WARN_BLOCK_CAPTURE_AUTORELEASING = YES;
				CLANG_WARN_BOOL_CONVERSION = YES;
				CLANG_WARN_COMMA = YES;
				CLANG_WARN_CONSTANT_CONVERSION = YES;
				CLANG_WARN_DEPRECATED_OBJC_IMPLEMENTATIONS = YES;
				CLANG_WARN_DIRECT_OBJC_ISA_USAGE = YES_ERROR;
				CLANG_WARN_DOCUMENTATION_COMMENTS = YES;
				CLANG_WARN_EMPTY_BODY = YES;
				CLANG_WARN_ENUM_CONVERSION = YES;
				CLANG_WARN_INFINITE_RECURSION = YES;
				CLANG_WARN_INT_CONVERSION = YES;
				CLANG_WARN_NON_LITERAL_NULL_CONVERSION = YES;
				CLANG_WARN_OBJC_IMPLICIT_RETAIN_SELF = YES;
				CLANG_WARN_OBJC_LITERAL_CONVERSION = YES;
				CLANG_WARN_OBJC_ROOT_CLASS = YES_ERROR;
				CLANG_WARN_RANGE_LOOP_ANALYSIS = YES;
				CLANG_WARN_STRICT_PROTOTYPES = YES;
				CLANG_WARN_SUSPICIOUS_MOVE = YES;
				CLANG_WARN_UNGUARDED_AVAILABILITY = YES_AGGRESSIVE;
				CLANG_WARN_UNREACHABLE_CODE = YES;
				CLANG_WARN__DUPLICATE_METHOD_MATCH = YES;
				COPY_PHASE_STRIP = NO;
				DEBUG_INFORMATION_FORMAT = dwarf;
				ENABLE_STRICT_OBJC_MSGSEND = YES;
				ENABLE_TESTABILITY = YES;
				GCC_C_LANGUAGE_STANDARD = gnu11;
				GCC_DYNAMIC_NO_PIC = NO;
				GCC_NO_COMMON_BLOCKS = YES;
				GCC_OPTIMIZATION_LEVEL = 0;
				GCC_PREPROCESSOR_DEFINITIONS = (
					"DEBUG=1",
					"$(inherited)",
				);
				GCC_WARN_64_TO_32_BIT_CONVERSION = YES;
				GCC_WARN_ABOUT_RETURN_TYPE = YES_ERROR;
				GCC_WARN_UNDECLARED_SELECTOR = YES;
				GCC_WARN_UNINITIALIZED_AUTOS = YES_AGGRESSIVE;
				GCC_WARN_UNUSED_FUNCTION = YES;
				GCC_WARN_UNUSED_VARIABLE = YES;
				IPHONEOS_DEPLOYMENT_TARGET = 13.2;
				MTL_ENABLE_DEBUG_INFO = INCLUDE_SOURCE;
				MTL_FAST_MATH = YES;
				ONLY_ACTIVE_ARCH = YES;
				SDKROOT = iphoneos;
				SWIFT_ACTIVE_COMPILATION_CONDITIONS = DEBUG;
				SWIFT_OPTIMIZATION_LEVEL = "-Onone";
			};
			name = Debug;
		};
		527952CC2416D3F700A82F63 /* Release */ = {
			isa = XCBuildConfiguration;
			buildSettings = {
				ALWAYS_SEARCH_USER_PATHS = NO;
				CLANG_ANALYZER_NONNULL = YES;
				CLANG_ANALYZER_NUMBER_OBJECT_CONVERSION = YES_AGGRESSIVE;
				CLANG_CXX_LANGUAGE_STANDARD = "gnu++14";
				CLANG_CXX_LIBRARY = "libc++";
				CLANG_ENABLE_MODULES = YES;
				CLANG_ENABLE_OBJC_ARC = YES;
				CLANG_ENABLE_OBJC_WEAK = YES;
				CLANG_WARN_BLOCK_CAPTURE_AUTORELEASING = YES;
				CLANG_WARN_BOOL_CONVERSION = YES;
				CLANG_WARN_COMMA = YES;
				CLANG_WARN_CONSTANT_CONVERSION = YES;
				CLANG_WARN_DEPRECATED_OBJC_IMPLEMENTATIONS = YES;
				CLANG_WARN_DIRECT_OBJC_ISA_USAGE = YES_ERROR;
				CLANG_WARN_DOCUMENTATION_COMMENTS = YES;
				CLANG_WARN_EMPTY_BODY = YES;
				CLANG_WARN_ENUM_CONVERSION = YES;
				CLANG_WARN_INFINITE_RECURSION = YES;
				CLANG_WARN_INT_CONVERSION = YES;
				CLANG_WARN_NON_LITERAL_NULL_CONVERSION = YES;
				CLANG_WARN_OBJC_IMPLICIT_RETAIN_SELF = YES;
				CLANG_WARN_OBJC_LITERAL_CONVERSION = YES;
				CLANG_WARN_OBJC_ROOT_CLASS = YES_ERROR;
				CLANG_WARN_RANGE_LOOP_ANALYSIS = YES;
				CLANG_WARN_STRICT_PROTOTYPES = YES;
				CLANG_WARN_SUSPICIOUS_MOVE = YES;
				CLANG_WARN_UNGUARDED_AVAILABILITY = YES_AGGRESSIVE;
				CLANG_WARN_UNREACHABLE_CODE = YES;
				CLANG_WARN__DUPLICATE_METHOD_MATCH = YES;
				COPY_PHASE_STRIP = NO;
				DEBUG_INFORMATION_FORMAT = "dwarf-with-dsym";
				ENABLE_NS_ASSERTIONS = NO;
				ENABLE_STRICT_OBJC_MSGSEND = YES;
				GCC_C_LANGUAGE_STANDARD = gnu11;
				GCC_NO_COMMON_BLOCKS = YES;
				GCC_WARN_64_TO_32_BIT_CONVERSION = YES;
				GCC_WARN_ABOUT_RETURN_TYPE = YES_ERROR;
				GCC_WARN_UNDECLARED_SELECTOR = YES;
				GCC_WARN_UNINITIALIZED_AUTOS = YES_AGGRESSIVE;
				GCC_WARN_UNUSED_FUNCTION = YES;
				GCC_WARN_UNUSED_VARIABLE = YES;
				IPHONEOS_DEPLOYMENT_TARGET = 13.2;
				MTL_ENABLE_DEBUG_INFO = NO;
				MTL_FAST_MATH = YES;
				SDKROOT = iphoneos;
				SWIFT_COMPILATION_MODE = wholemodule;
				SWIFT_OPTIMIZATION_LEVEL = "-O";
				VALIDATE_PRODUCT = YES;
			};
			name = Release;
		};
		527952CE2416D3F700A82F63 /* Debug */ = {
			isa = XCBuildConfiguration;
			buildSettings = {
				ASSETCATALOG_COMPILER_APPICON_NAME = AppIcon;
				CODE_SIGN_STYLE = Automatic;
				DEVELOPMENT_ASSET_PATHS = "\"IoBike/Preview Content\"";
				DEVELOPMENT_TEAM = 895EQWU522;
				ENABLE_PREVIEWS = YES;
				INFOPLIST_FILE = IoBike/Info.plist;
				LD_RUNPATH_SEARCH_PATHS = (
					"$(inherited)",
					"@executable_path/Frameworks",
				);
				PRODUCT_BUNDLE_IDENTIFIER = "jtlemkin-ucdavis.edu.IoBike";
				PRODUCT_NAME = "$(TARGET_NAME)";
				SWIFT_VERSION = 5.0;
				TARGETED_DEVICE_FAMILY = "1,2";
			};
			name = Debug;
		};
		527952CF2416D3F700A82F63 /* Release */ = {
			isa = XCBuildConfiguration;
			buildSettings = {
				ASSETCATALOG_COMPILER_APPICON_NAME = AppIcon;
				CODE_SIGN_STYLE = Automatic;
				DEVELOPMENT_ASSET_PATHS = "\"IoBike/Preview Content\"";
				DEVELOPMENT_TEAM = 895EQWU522;
				ENABLE_PREVIEWS = YES;
				INFOPLIST_FILE = IoBike/Info.plist;
				LD_RUNPATH_SEARCH_PATHS = (
					"$(inherited)",
					"@executable_path/Frameworks",
				);
				PRODUCT_BUNDLE_IDENTIFIER = "jtlemkin-ucdavis.edu.IoBike";
				PRODUCT_NAME = "$(TARGET_NAME)";
				SWIFT_VERSION = 5.0;
				TARGETED_DEVICE_FAMILY = "1,2";
			};
			name = Release;
		};
/* End XCBuildConfiguration section */

/* Begin XCConfigurationList section */
		527952B42416D3ED00A82F63 /* Build configuration list for PBXProject "IoBike" */ = {
			isa = XCConfigurationList;
			buildConfigurations = (
				527952CB2416D3F700A82F63 /* Debug */,
				527952CC2416D3F700A82F63 /* Release */,
			);
			defaultConfigurationIsVisible = 0;
			defaultConfigurationName = Release;
		};
		527952CD2416D3F700A82F63 /* Build configuration list for PBXNativeTarget "IoBike" */ = {
			isa = XCConfigurationList;
			buildConfigurations = (
				527952CE2416D3F700A82F63 /* Debug */,
				527952CF2416D3F700A82F63 /* Release */,
			);
			defaultConfigurationIsVisible = 0;
			defaultConfigurationName = Release;
		};
/* End XCConfigurationList section */
	};
	rootObject = 527952B12416D3ED00A82F63 /* Project object */;
}
